// !$*UTF8*$!
{
	archiveVersion = 1;
	classes = {
	};
	objectVersion = 50;
	objects = {

/* Begin PBXBuildFile section */
		7A3BF2AC2429480200349EBB /* KeyboardUtils.swift in Sources */ = {isa = PBXBuildFile; fileRef = 7A3BF2AB2429480200349EBB /* KeyboardUtils.swift */; };
		7A9D597D240535B60064E1ED /* AppDelegate.swift in Sources */ = {isa = PBXBuildFile; fileRef = 7A9D597C240535B60064E1ED /* AppDelegate.swift */; };
		7A9D597F240535B60064E1ED /* SceneDelegate.swift in Sources */ = {isa = PBXBuildFile; fileRef = 7A9D597E240535B60064E1ED /* SceneDelegate.swift */; };
		7A9D5981240535B60064E1ED /* ViewController.swift in Sources */ = {isa = PBXBuildFile; fileRef = 7A9D5980240535B60064E1ED /* ViewController.swift */; };
		7A9D5984240535B60064E1ED /* Main.storyboard in Resources */ = {isa = PBXBuildFile; fileRef = 7A9D5982240535B60064E1ED /* Main.storyboard */; };
		7A9D5986240535B80064E1ED /* Assets.xcassets in Resources */ = {isa = PBXBuildFile; fileRef = 7A9D5985240535B80064E1ED /* Assets.xcassets */; };
		7A9D5989240535B80064E1ED /* LaunchScreen.storyboard in Resources */ = {isa = PBXBuildFile; fileRef = 7A9D5987240535B80064E1ED /* LaunchScreen.storyboard */; };
		7A9D5994240535B80064E1ED /* MemesTests.swift in Sources */ = {isa = PBXBuildFile; fileRef = 7A9D5993240535B80064E1ED /* MemesTests.swift */; };
		7A9D599F240535B90064E1ED /* MemesUITests.swift in Sources */ = {isa = PBXBuildFile; fileRef = 7A9D599E240535B90064E1ED /* MemesUITests.swift */; };
		7AA070662406A13B004B7634 /* Meme.swift in Sources */ = {isa = PBXBuildFile; fileRef = 7AA070652406A13B004B7634 /* Meme.swift */; };
/* End PBXBuildFile section */

/* Begin PBXContainerItemProxy section */
		7A9D5990240535B80064E1ED /* PBXContainerItemProxy */ = {
			isa = PBXContainerItemProxy;
			containerPortal = 7A9D5971240535B60064E1ED /* Project object */;
			proxyType = 1;
			remoteGlobalIDString = 7A9D5978240535B60064E1ED;
			remoteInfo = Memes;
		};
		7A9D599B240535B90064E1ED /* PBXContainerItemProxy */ = {
			isa = PBXContainerItemProxy;
			containerPortal = 7A9D5971240535B60064E1ED /* Project object */;
			proxyType = 1;
			remoteGlobalIDString = 7A9D5978240535B60064E1ED;
			remoteInfo = Memes;
		};
/* End PBXContainerItemProxy section */

/* Begin PBXFileReference section */
		7A3BF2AB2429480200349EBB /* KeyboardUtils.swift */ = {isa = PBXFileReference; lastKnownFileType = sourcecode.swift; path = KeyboardUtils.swift; sourceTree = "<group>"; };
		7A9D5979240535B60064E1ED /* Memes.app */ = {isa = PBXFileReference; explicitFileType = wrapper.application; includeInIndex = 0; path = Memes.app; sourceTree = BUILT_PRODUCTS_DIR; };
		7A9D597C240535B60064E1ED /* AppDelegate.swift */ = {isa = PBXFileReference; lastKnownFileType = sourcecode.swift; path = AppDelegate.swift; sourceTree = "<group>"; };
		7A9D597E240535B60064E1ED /* SceneDelegate.swift */ = {isa = PBXFileReference; lastKnownFileType = sourcecode.swift; path = SceneDelegate.swift; sourceTree = "<group>"; };
		7A9D5980240535B60064E1ED /* ViewController.swift */ = {isa = PBXFileReference; lastKnownFileType = sourcecode.swift; path = ViewController.swift; sourceTree = "<group>"; };
		7A9D5983240535B60064E1ED /* Base */ = {isa = PBXFileReference; lastKnownFileType = file.storyboard; name = Base; path = Base.lproj/Main.storyboard; sourceTree = "<group>"; };
		7A9D5985240535B80064E1ED /* Assets.xcassets */ = {isa = PBXFileReference; lastKnownFileType = folder.assetcatalog; path = Assets.xcassets; sourceTree = "<group>"; };
		7A9D5988240535B80064E1ED /* Base */ = {isa = PBXFileReference; lastKnownFileType = file.storyboard; name = Base; path = Base.lproj/LaunchScreen.storyboard; sourceTree = "<group>"; };
		7A9D598A240535B80064E1ED /* Info.plist */ = {isa = PBXFileReference; lastKnownFileType = text.plist.xml; path = Info.plist; sourceTree = "<group>"; };
		7A9D598F240535B80064E1ED /* MemesTests.xctest */ = {isa = PBXFileReference; explicitFileType = wrapper.cfbundle; includeInIndex = 0; path = MemesTests.xctest; sourceTree = BUILT_PRODUCTS_DIR; };
		7A9D5993240535B80064E1ED /* MemesTests.swift */ = {isa = PBXFileReference; lastKnownFileType = sourcecode.swift; path = MemesTests.swift; sourceTree = "<group>"; };
		7A9D5995240535B80064E1ED /* Info.plist */ = {isa = PBXFileReference; lastKnownFileType = text.plist.xml; path = Info.plist; sourceTree = "<group>"; };
		7A9D599A240535B90064E1ED /* MemesUITests.xctest */ = {isa = PBXFileReference; explicitFileType = wrapper.cfbundle; includeInIndex = 0; path = MemesUITests.xctest; sourceTree = BUILT_PRODUCTS_DIR; };
		7A9D599E240535B90064E1ED /* MemesUITests.swift */ = {isa = PBXFileReference; lastKnownFileType = sourcecode.swift; path = MemesUITests.swift; sourceTree = "<group>"; };
		7A9D59A0240535B90064E1ED /* Info.plist */ = {isa = PBXFileReference; lastKnownFileType = text.plist.xml; path = Info.plist; sourceTree = "<group>"; };
		7AA070652406A13B004B7634 /* Meme.swift */ = {isa = PBXFileReference; lastKnownFileType = sourcecode.swift; path = Meme.swift; sourceTree = "<group>"; };
/* End PBXFileReference section */

/* Begin PBXFrameworksBuildPhase section */
		7A9D5976240535B60064E1ED /* Frameworks */ = {
			isa = PBXFrameworksBuildPhase;
			buildActionMask = 2147483647;
			files = (
			);
			runOnlyForDeploymentPostprocessing = 0;
		};
		7A9D598C240535B80064E1ED /* Frameworks */ = {
			isa = PBXFrameworksBuildPhase;
			buildActionMask = 2147483647;
			files = (
			);
			runOnlyForDeploymentPostprocessing = 0;
		};
		7A9D5997240535B90064E1ED /* Frameworks */ = {
			isa = PBXFrameworksBuildPhase;
			buildActionMask = 2147483647;
			files = (
			);
			runOnlyForDeploymentPostprocessing = 0;
		};
/* End PBXFrameworksBuildPhase section */

/* Begin PBXGroup section */
		7A3BF2AA242947F300349EBB /* Utils */ = {
			isa = PBXGroup;
			children = (
				7A3BF2AB2429480200349EBB /* KeyboardUtils.swift */,
			);
			path = Utils;
			sourceTree = "<group>";
		};
		7A9D5970240535B60064E1ED = {
			isa = PBXGroup;
			children = (
				7A9D597B240535B60064E1ED /* Memes */,
				7A9D5992240535B80064E1ED /* MemesTests */,
				7A9D599D240535B90064E1ED /* MemesUITests */,
				7A9D597A240535B60064E1ED /* Products */,
			);
			sourceTree = "<group>";
		};
		7A9D597A240535B60064E1ED /* Products */ = {
			isa = PBXGroup;
			children = (
				7A9D5979240535B60064E1ED /* Memes.app */,
				7A9D598F240535B80064E1ED /* MemesTests.xctest */,
				7A9D599A240535B90064E1ED /* MemesUITests.xctest */,
			);
			name = Products;
			sourceTree = "<group>";
		};
		7A9D597B240535B60064E1ED /* Memes */ = {
			isa = PBXGroup;
			children = (
				7A9D59AC240535C10064E1ED /* Scenes */,
				7A9D597C240535B60064E1ED /* AppDelegate.swift */,
				7A9D597E240535B60064E1ED /* SceneDelegate.swift */,
				7A9D5985240535B80064E1ED /* Assets.xcassets */,
				7A9D5987240535B80064E1ED /* LaunchScreen.storyboard */,
				7A9D598A240535B80064E1ED /* Info.plist */,
			);
			path = Memes;
			sourceTree = "<group>";
		};
		7A9D5992240535B80064E1ED /* MemesTests */ = {
			isa = PBXGroup;
			children = (
				7A9D5993240535B80064E1ED /* MemesTests.swift */,
				7A9D5995240535B80064E1ED /* Info.plist */,
			);
			path = MemesTests;
			sourceTree = "<group>";
		};
		7A9D599D240535B90064E1ED /* MemesUITests */ = {
			isa = PBXGroup;
			children = (
				7A9D599E240535B90064E1ED /* MemesUITests.swift */,
				7A9D59A0240535B90064E1ED /* Info.plist */,
			);
			path = MemesUITests;
			sourceTree = "<group>";
		};
		7A9D59AC240535C10064E1ED /* Scenes */ = {
			isa = PBXGroup;
			children = (
				7A3BF2AA242947F300349EBB /* Utils */,
				7AA070642406A12E004B7634 /* Models */,
				7A9D59AD240535CA0064E1ED /* View */,
			);
			path = Scenes;
			sourceTree = "<group>";
		};
		7A9D59AD240535CA0064E1ED /* View */ = {
			isa = PBXGroup;
			children = (
				7A9D5980240535B60064E1ED /* ViewController.swift */,
				7A9D5982240535B60064E1ED /* Main.storyboard */,
			);
			path = View;
			sourceTree = "<group>";
		};
		7AA070642406A12E004B7634 /* Models */ = {
			isa = PBXGroup;
			children = (
				7AA070652406A13B004B7634 /* Meme.swift */,
			);
			path = Models;
			sourceTree = "<group>";
		};
/* End PBXGroup section */

/* Begin PBXNativeTarget section */
		7A9D5978240535B60064E1ED /* Memes */ = {
			isa = PBXNativeTarget;
			buildConfigurationList = 7A9D59A3240535B90064E1ED /* Build configuration list for PBXNativeTarget "Memes" */;
			buildPhases = (
				7A9D5975240535B60064E1ED /* Sources */,
				7A9D5976240535B60064E1ED /* Frameworks */,
				7A9D5977240535B60064E1ED /* Resources */,
			);
			buildRules = (
			);
			dependencies = (
			);
			name = Memes;
			productName = Memes;
			productReference = 7A9D5979240535B60064E1ED /* Memes.app */;
			productType = "com.apple.product-type.application";
		};
		7A9D598E240535B80064E1ED /* MemesTests */ = {
			isa = PBXNativeTarget;
			buildConfigurationList = 7A9D59A6240535B90064E1ED /* Build configuration list for PBXNativeTarget "MemesTests" */;
			buildPhases = (
				7A9D598B240535B80064E1ED /* Sources */,
				7A9D598C240535B80064E1ED /* Frameworks */,
				7A9D598D240535B80064E1ED /* Resources */,
			);
			buildRules = (
			);
			dependencies = (
				7A9D5991240535B80064E1ED /* PBXTargetDependency */,
			);
			name = MemesTests;
			productName = MemesTests;
			productReference = 7A9D598F240535B80064E1ED /* MemesTests.xctest */;
			productType = "com.apple.product-type.bundle.unit-test";
		};
		7A9D5999240535B90064E1ED /* MemesUITests */ = {
			isa = PBXNativeTarget;
			buildConfigurationList = 7A9D59A9240535B90064E1ED /* Build configuration list for PBXNativeTarget "MemesUITests" */;
			buildPhases = (
				7A9D5996240535B90064E1ED /* Sources */,
				7A9D5997240535B90064E1ED /* Frameworks */,
				7A9D5998240535B90064E1ED /* Resources */,
			);
			buildRules = (
			);
			dependencies = (
				7A9D599C240535B90064E1ED /* PBXTargetDependency */,
			);
			name = MemesUITests;
			productName = MemesUITests;
			productReference = 7A9D599A240535B90064E1ED /* MemesUITests.xctest */;
			productType = "com.apple.product-type.bundle.ui-testing";
		};
/* End PBXNativeTarget section */

/* Begin PBXProject section */
		7A9D5971240535B60064E1ED /* Project object */ = {
			isa = PBXProject;
			attributes = {
				LastSwiftUpdateCheck = 1130;
				LastUpgradeCheck = 1130;
				ORGANIZATIONNAME = "Razee Hussein-Jamal";
				TargetAttributes = {
					7A9D5978240535B60064E1ED = {
						CreatedOnToolsVersion = 11.3.1;
					};
					7A9D598E240535B80064E1ED = {
						CreatedOnToolsVersion = 11.3.1;
						TestTargetID = 7A9D5978240535B60064E1ED;
					};
					7A9D5999240535B90064E1ED = {
						CreatedOnToolsVersion = 11.3.1;
						TestTargetID = 7A9D5978240535B60064E1ED;
					};
				};
			};
			buildConfigurationList = 7A9D5974240535B60064E1ED /* Build configuration list for PBXProject "Memes" */;
			compatibilityVersion = "Xcode 9.3";
			developmentRegion = en;
			hasScannedForEncodings = 0;
			knownRegions = (
				en,
				Base,
			);
			mainGroup = 7A9D5970240535B60064E1ED;
			productRefGroup = 7A9D597A240535B60064E1ED /* Products */;
			projectDirPath = "";
			projectRoot = "";
			targets = (
				7A9D5978240535B60064E1ED /* Memes */,
				7A9D598E240535B80064E1ED /* MemesTests */,
				7A9D5999240535B90064E1ED /* MemesUITests */,
			);
		};
/* End PBXProject section */

/* Begin PBXResourcesBuildPhase section */
		7A9D5977240535B60064E1ED /* Resources */ = {
			isa = PBXResourcesBuildPhase;
			buildActionMask = 2147483647;
			files = (
				7A9D5989240535B80064E1ED /* LaunchScreen.storyboard in Resources */,
				7A9D5986240535B80064E1ED /* Assets.xcassets in Resources */,
				7A9D5984240535B60064E1ED /* Main.storyboard in Resources */,
			);
			runOnlyForDeploymentPostprocessing = 0;
		};
		7A9D598D240535B80064E1ED /* Resources */ = {
			isa = PBXResourcesBuildPhase;
			buildActionMask = 2147483647;
			files = (
			);
			runOnlyForDeploymentPostprocessing = 0;
		};
		7A9D5998240535B90064E1ED /* Resources */ = {
			isa = PBXResourcesBuildPhase;
			buildActionMask = 2147483647;
			files = (
			);
			runOnlyForDeploymentPostprocessing = 0;
		};
/* End PBXResourcesBuildPhase section */

/* Begin PBXSourcesBuildPhase section */
		7A9D5975240535B60064E1ED /* Sources */ = {
			isa = PBXSourcesBuildPhase;
			buildActionMask = 2147483647;
			files = (
				7A9D5981240535B60064E1ED /* ViewController.swift in Sources */,
				7A9D597D240535B60064E1ED /* AppDelegate.swift in Sources */,
				7A9D597F240535B60064E1ED /* SceneDelegate.swift in Sources */,
				7A3BF2AC2429480200349EBB /* KeyboardUtils.swift in Sources */,
				7AA070662406A13B004B7634 /* Meme.swift in Sources */,
			);
			runOnlyForDeploymentPostprocessing = 0;
		};
		7A9D598B240535B80064E1ED /* Sources */ = {
			isa = PBXSourcesBuildPhase;
			buildActionMask = 2147483647;
			files = (
				7A9D5994240535B80064E1ED /* MemesTests.swift in Sources */,
			);
			runOnlyForDeploymentPostprocessing = 0;
		};
		7A9D5996240535B90064E1ED /* Sources */ = {
			isa = PBXSourcesBuildPhase;
			buildActionMask = 2147483647;
			files = (
				7A9D599F240535B90064E1ED /* MemesUITests.swift in Sources */,
			);
			runOnlyForDeploymentPostprocessing = 0;
		};
/* End PBXSourcesBuildPhase section */

/* Begin PBXTargetDependency section */
		7A9D5991240535B80064E1ED /* PBXTargetDependency */ = {
			isa = PBXTargetDependency;
			target = 7A9D5978240535B60064E1ED /* Memes */;
			targetProxy = 7A9D5990240535B80064E1ED /* PBXContainerItemProxy */;
		};
		7A9D599C240535B90064E1ED /* PBXTargetDependency */ = {
			isa = PBXTargetDependency;
			target = 7A9D5978240535B60064E1ED /* Memes */;
			targetProxy = 7A9D599B240535B90064E1ED /* PBXContainerItemProxy */;
		};
/* End PBXTargetDependency section */

/* Begin PBXVariantGroup section */
		7A9D5982240535B60064E1ED /* Main.storyboard */ = {
			isa = PBXVariantGroup;
			children = (
				7A9D5983240535B60064E1ED /* Base */,
			);
			name = Main.storyboard;
			sourceTree = "<group>";
		};
		7A9D5987240535B80064E1ED /* LaunchScreen.storyboard */ = {
			isa = PBXVariantGroup;
			children = (
				7A9D5988240535B80064E1ED /* Base */,
			);
			name = LaunchScreen.storyboard;
			sourceTree = "<group>";
		};
/* End PBXVariantGroup section */

/* Begin XCBuildConfiguration section */
		7A9D59A1240535B90064E1ED /* Debug */ = {
			isa = XCBuildConfiguration;
			buildSettings = {
				ALWAYS_SEARCH_USER_PATHS = NO;
				CLANG_ANALYZER_NONNULL = YES;
				CLANG_ANALYZER_NUMBER_OBJECT_CONVERSION = YES_AGGRESSIVE;
				CLANG_CXX_LANGUAGE_STANDARD = "gnu++14";
				CLANG_CXX_LIBRARY = "libc++";
				CLANG_ENABLE_MODULES = YES;
				CLANG_ENABLE_OBJC_ARC = YES;
				CLANG_ENABLE_OBJC_WEAK = YES;
				CLANG_WARN_BLOCK_CAPTURE_AUTORELEASING = YES;
				CLANG_WARN_BOOL_CONVERSION = YES;
				CLANG_WARN_COMMA = YES;
				CLANG_WARN_CONSTANT_CONVERSION = YES;
				CLANG_WARN_DEPRECATED_OBJC_IMPLEMENTATIONS = YES;
				CLANG_WARN_DIRECT_OBJC_ISA_USAGE = YES_ERROR;
				CLANG_WARN_DOCUMENTATION_COMMENTS = YES;
				CLANG_WARN_EMPTY_BODY = YES;
				CLANG_WARN_ENUM_CONVERSION = YES;
				CLANG_WARN_INFINITE_RECURSION = YES;
				CLANG_WARN_INT_CONVERSION = YES;
				CLANG_WARN_NON_LITERAL_NULL_CONVERSION = YES;
				CLANG_WARN_OBJC_IMPLICIT_RETAIN_SELF = YES;
				CLANG_WARN_OBJC_LITERAL_CONVERSION = YES;
				CLANG_WARN_OBJC_ROOT_CLASS = YES_ERROR;
				CLANG_WARN_RANGE_LOOP_ANALYSIS = YES;
				CLANG_WARN_STRICT_PROTOTYPES = YES;
				CLANG_WARN_SUSPICIOUS_MOVE = YES;
				CLANG_WARN_UNGUARDED_AVAILABILITY = YES_AGGRESSIVE;
				CLANG_WARN_UNREACHABLE_CODE = YES;
				CLANG_WARN__DUPLICATE_METHOD_MATCH = YES;
				COPY_PHASE_STRIP = NO;
				DEBUG_INFORMATION_FORMAT = dwarf;
				ENABLE_STRICT_OBJC_MSGSEND = YES;
				ENABLE_TESTABILITY = YES;
				GCC_C_LANGUAGE_STANDARD = gnu11;
				GCC_DYNAMIC_NO_PIC = NO;
				GCC_NO_COMMON_BLOCKS = YES;
				GCC_OPTIMIZATION_LEVEL = 0;
				GCC_PREPROCESSOR_DEFINITIONS = (
					"DEBUG=1",
					"$(inherited)",
				);
				GCC_WARN_64_TO_32_BIT_CONVERSION = YES;
				GCC_WARN_ABOUT_RETURN_TYPE = YES_ERROR;
				GCC_WARN_UNDECLARED_SELECTOR = YES;
				GCC_WARN_UNINITIALIZED_AUTOS = YES_AGGRESSIVE;
				GCC_WARN_UNUSED_FUNCTION = YES;
				GCC_WARN_UNUSED_VARIABLE = YES;
				IPHONEOS_DEPLOYMENT_TARGET = 13.2;
				MTL_ENABLE_DEBUG_INFO = INCLUDE_SOURCE;
				MTL_FAST_MATH = YES;
				ONLY_ACTIVE_ARCH = YES;
				SDKROOT = iphoneos;
				SWIFT_ACTIVE_COMPILATION_CONDITIONS = DEBUG;
				SWIFT_OPTIMIZATION_LEVEL = "-Onone";
			};
			name = Debug;
		};
		7A9D59A2240535B90064E1ED /* Release */ = {
			isa = XCBuildConfiguration;
			buildSettings = {
				ALWAYS_SEARCH_USER_PATHS = NO;
				CLANG_ANALYZER_NONNULL = YES;
				CLANG_ANALYZER_NUMBER_OBJECT_CONVERSION = YES_AGGRESSIVE;
				CLANG_CXX_LANGUAGE_STANDARD = "gnu++14";
				CLANG_CXX_LIBRARY = "libc++";
				CLANG_ENABLE_MODULES = YES;
				CLANG_ENABLE_OBJC_ARC = YES;
				CLANG_ENABLE_OBJC_WEAK = YES;
				CLANG_WARN_BLOCK_CAPTURE_AUTORELEASING = YES;
				CLANG_WARN_BOOL_CONVERSION = YES;
				CLANG_WARN_COMMA = YES;
				CLANG_WARN_CONSTANT_CONVERSION = YES;
				CLANG_WARN_DEPRECATED_OBJC_IMPLEMENTATIONS = YES;
				CLANG_WARN_DIRECT_OBJC_ISA_USAGE = YES_ERROR;
				CLANG_WARN_DOCUMENTATION_COMMENTS = YES;
				CLANG_WARN_EMPTY_BODY = YES;
				CLANG_WARN_ENUM_CONVERSION = YES;
				CLANG_WARN_INFINITE_RECURSION = YES;
				CLANG_WARN_INT_CONVERSION = YES;
				CLANG_WARN_NON_LITERAL_NULL_CONVERSION = YES;
				CLANG_WARN_OBJC_IMPLICIT_RETAIN_SELF = YES;
				CLANG_WARN_OBJC_LITERAL_CONVERSION = YES;
				CLANG_WARN_OBJC_ROOT_CLASS = YES_ERROR;
				CLANG_WARN_RANGE_LOOP_ANALYSIS = YES;
				CLANG_WARN_STRICT_PROTOTYPES = YES;
				CLANG_WARN_SUSPICIOUS_MOVE = YES;
				CLANG_WARN_UNGUARDED_AVAILABILITY = YES_AGGRESSIVE;
				CLANG_WARN_UNREACHABLE_CODE = YES;
				CLANG_WARN__DUPLICATE_METHOD_MATCH = YES;
				COPY_PHASE_STRIP = NO;
				DEBUG_INFORMATION_FORMAT = "dwarf-with-dsym";
				ENABLE_NS_ASSERTIONS = NO;
				ENABLE_STRICT_OBJC_MSGSEND = YES;
				GCC_C_LANGUAGE_STANDARD = gnu11;
				GCC_NO_COMMON_BLOCKS = YES;
				GCC_WARN_64_TO_32_BIT_CONVERSION = YES;
				GCC_WARN_ABOUT_RETURN_TYPE = YES_ERROR;
				GCC_WARN_UNDECLARED_SELECTOR = YES;
				GCC_WARN_UNINITIALIZED_AUTOS = YES_AGGRESSIVE;
				GCC_WARN_UNUSED_FUNCTION = YES;
				GCC_WARN_UNUSED_VARIABLE = YES;
				IPHONEOS_DEPLOYMENT_TARGET = 13.2;
				MTL_ENABLE_DEBUG_INFO = NO;
				MTL_FAST_MATH = YES;
				SDKROOT = iphoneos;
				SWIFT_COMPILATION_MODE = wholemodule;
				SWIFT_OPTIMIZATION_LEVEL = "-O";
				VALIDATE_PRODUCT = YES;
			};
			name = Release;
		};
		7A9D59A4240535B90064E1ED /* Debug */ = {
			isa = XCBuildConfiguration;
			buildSettings = {
				ASSETCATALOG_COMPILER_APPICON_NAME = AppIcon;
				CODE_SIGN_STYLE = Automatic;
				DEVELOPMENT_TEAM = WA9JUKEPEP;
				INFOPLIST_FILE = Memes/Info.plist;
				LD_RUNPATH_SEARCH_PATHS = (
					"$(inherited)",
					"@executable_path/Frameworks",
				);
				PRODUCT_BUNDLE_IDENTIFIER = com.rhj.Memes;
				PRODUCT_NAME = "$(TARGET_NAME)";
				SWIFT_VERSION = 5.0;
				TARGETED_DEVICE_FAMILY = "1,2";
			};
			name = Debug;
		};
		7A9D59A5240535B90064E1ED /* Release */ = {
			isa = XCBuildConfiguration;
			buildSettings = {
				ASSETCATALOG_COMPILER_APPICON_NAME = AppIcon;
				CODE_SIGN_STYLE = Automatic;
				DEVELOPMENT_TEAM = WA9JUKEPEP;
				INFOPLIST_FILE = Memes/Info.plist;
				LD_RUNPATH_SEARCH_PATHS = (
					"$(inherited)",
					"@executable_path/Frameworks",
				);
				PRODUCT_BUNDLE_IDENTIFIER = com.rhj.Memes;
				PRODUCT_NAME = "$(TARGET_NAME)";
				SWIFT_VERSION = 5.0;
				TARGETED_DEVICE_FAMILY = "1,2";
			};
			name = Release;
		};
		7A9D59A7240535B90064E1ED /* Debug */ = {
			isa = XCBuildConfiguration;
			buildSettings = {
				ALWAYS_EMBED_SWIFT_STANDARD_LIBRARIES = YES;
				BUNDLE_LOADER = "$(TEST_HOST)";
				CODE_SIGN_STYLE = Automatic;
				DEVELOPMENT_TEAM = WA9JUKEPEP;
				INFOPLIST_FILE = MemesTests/Info.plist;
				IPHONEOS_DEPLOYMENT_TARGET = 13.2;
				LD_RUNPATH_SEARCH_PATHS = (
					"$(inherited)",
					"@executable_path/Frameworks",
					"@loader_path/Frameworks",
				);
				PRODUCT_BUNDLE_IDENTIFIER = com.rhj.MemesTests;
				PRODUCT_NAME = "$(TARGET_NAME)";
				SWIFT_VERSION = 5.0;
				TARGETED_DEVICE_FAMILY = "1,2";
				TEST_HOST = "$(BUILT_PRODUCTS_DIR)/Memes.app/Memes";
			};
			name = Debug;
		};
		7A9D59A8240535B90064E1ED /* Release */ = {
			isa = XCBuildConfiguration;
			buildSettings = {
				ALWAYS_EMBED_SWIFT_STANDARD_LIBRARIES = YES;
				BUNDLE_LOADER = "$(TEST_HOST)";
				CODE_SIGN_STYLE = Automatic;
				DEVELOPMENT_TEAM = WA9JUKEPEP;
				INFOPLIST_FILE = MemesTests/Info.plist;
				IPHONEOS_DEPLOYMENT_TARGET = 13.2;
				LD_RUNPATH_SEARCH_PATHS = (
					"$(inherited)",
					"@executable_path/Frameworks",
					"@loader_path/Frameworks",
				);
				PRODUCT_BUNDLE_IDENTIFIER = com.rhj.MemesTests;
				PRODUCT_NAME = "$(TARGET_NAME)";
				SWIFT_VERSION = 5.0;
				TARGETED_DEVICE_FAMILY = "1,2";
				TEST_HOST = "$(BUILT_PRODUCTS_DIR)/Memes.app/Memes";
			};
			name = Release;
		};
		7A9D59AA240535B90064E1ED /* Debug */ = {
			isa = XCBuildConfiguration;
			buildSettings = {
				ALWAYS_EMBED_SWIFT_STANDARD_LIBRARIES = YES;
				CODE_SIGN_STYLE = Automatic;
				DEVELOPMENT_TEAM = WA9JUKEPEP;
				INFOPLIST_FILE = MemesUITests/Info.plist;
				LD_RUNPATH_SEARCH_PATHS = (
					"$(inherited)",
					"@executable_path/Frameworks",
					"@loader_path/Frameworks",
				);
				PRODUCT_BUNDLE_IDENTIFIER = com.rhj.MemesUITests;
				PRODUCT_NAME = "$(TARGET_NAME)";
				SWIFT_VERSION = 5.0;
				TARGETED_DEVICE_FAMILY = "1,2";
				TEST_TARGET_NAME = Memes;
			};
			name = Debug;
		};
		7A9D59AB240535B90064E1ED /* Release */ = {
			isa = XCBuildConfiguration;
			buildSettings = {
				ALWAYS_EMBED_SWIFT_STANDARD_LIBRARIES = YES;
				CODE_SIGN_STYLE = Automatic;
				DEVELOPMENT_TEAM = WA9JUKEPEP;
				INFOPLIST_FILE = MemesUITests/Info.plist;
				LD_RUNPATH_SEARCH_PATHS = (
					"$(inherited)",
					"@executable_path/Frameworks",
					"@loader_path/Frameworks",
				);
				PRODUCT_BUNDLE_IDENTIFIER = com.rhj.MemesUITests;
				PRODUCT_NAME = "$(TARGET_NAME)";
				SWIFT_VERSION = 5.0;
				TARGETED_DEVICE_FAMILY = "1,2";
				TEST_TARGET_NAME = Memes;
			};
			name = Release;
		};
/* End XCBuildConfiguration section */

/* Begin XCConfigurationList section */
		7A9D5974240535B60064E1ED /* Build configuration list for PBXProject "Memes" */ = {
			isa = XCConfigurationList;
			buildConfigurations = (
				7A9D59A1240535B90064E1ED /* Debug */,
				7A9D59A2240535B90064E1ED /* Release */,
			);
			defaultConfigurationIsVisible = 0;
			defaultConfigurationName = Release;
		};
		7A9D59A3240535B90064E1ED /* Build configuration list for PBXNativeTarget "Memes" */ = {
			isa = XCConfigurationList;
			buildConfigurations = (
				7A9D59A4240535B90064E1ED /* Debug */,
				7A9D59A5240535B90064E1ED /* Release */,
			);
			defaultConfigurationIsVisible = 0;
			defaultConfigurationName = Release;
		};
		7A9D59A6240535B90064E1ED /* Build configuration list for PBXNativeTarget "MemesTests" */ = {
			isa = XCConfigurationList;
			buildConfigurations = (
				7A9D59A7240535B90064E1ED /* Debug */,
				7A9D59A8240535B90064E1ED /* Release */,
			);
			defaultConfigurationIsVisible = 0;
			defaultConfigurationName = Release;
		};
		7A9D59A9240535B90064E1ED /* Build configuration list for PBXNativeTarget "MemesUITests" */ = {
			isa = XCConfigurationList;
			buildConfigurations = (
				7A9D59AA240535B90064E1ED /* Debug */,
				7A9D59AB240535B90064E1ED /* Release */,
			);
			defaultConfigurationIsVisible = 0;
			defaultConfigurationName = Release;
		};
/* End XCConfigurationList section */
	};
	rootObject = 7A9D5971240535B60064E1ED /* Project object */;
}
